
Microsoft Visual Studio Solution File, Format Version 12.00
# Visual Studio Version 16
VisualStudioVersion = 16.0.30523.141
MinimumVisualStudioVersion = 10.0.40219.1
Project("{9A19103F-16F7-4668-BE54-9A1E7A4F7556}") = "EFCoreMiniExercises", "EFDemoLesson4\EFCoreMiniExercises.csproj", "{0D94F758-691A-48C2-9679-9940EA371740}"
EndProject
Global
	GlobalSection(SolutionConfigurationPlatforms) = preSolution
		Debug|Any CPU = Debug|Any CPU
		Release|Any CPU = Release|Any CPU
	EndGlobalSection
	GlobalSection(ProjectConfigurationPlatforms) = postSolution
		{0D94F758-691A-48C2-9679-9940EA371740}.Debug|Any CPU.ActiveCfg = Debug|Any CPU
		{0D94F758-691A-48C2-9679-9940EA371740}.Debug|Any CPU.Build.0 = Debug|Any CPU
		{0D94F758-691A-48C2-9679-9940EA371740}.Release|Any CPU.ActiveCfg = Release|Any CPU
		{0D94F758-691A-48C2-9679-9940EA371740}.Release|Any CPU.Build.0 = Release|Any CPU
	EndGlobalSection
	GlobalSection(SolutionProperties) = preSolution
		HideSolutionNode = FALSE
	EndGlobalSection
	GlobalSection(ExtensibilityGlobals) = postSolution
		SolutionGuid = {BC0EF8F8-7C85-40E8-8675-BFFDB9C9ED72}
	EndGlobalSection
EndGlobal
